
Microsoft Visual Studio Solution File, Format Version 12.00
# Visual Studio Version 17
VisualStudioVersion = 17.3.32929.385
MinimumVisualStudioVersion = 10.0.40219.1
Project("{FAE04EC0-301F-11D3-BF4B-00C04F79EFBC}") = "week 4 takehome", "week 4 takehome\week 4 takehome.csproj", "{B4789483-7FF2-4DCD-93E5-BA4C9B1BA3CC}"
EndProject
Global
	GlobalSection(SolutionConfigurationPlatforms) = preSolution
		Debug|Any CPU = Debug|Any CPU
		Release|Any CPU = Release|Any CPU
	EndGlobalSection
	GlobalSection(ProjectConfigurationPlatforms) = postSolution
		{B4789483-7FF2-4DCD-93E5-BA4C9B1BA3CC}.Debug|Any CPU.ActiveCfg = Debug|Any CPU
		{B4789483-7FF2-4DCD-93E5-BA4C9B1BA3CC}.Debug|Any CPU.Build.0 = Debug|Any CPU
		{B4789483-7FF2-4DCD-93E5-BA4C9B1BA3CC}.Release|Any CPU.ActiveCfg = Release|Any CPU
		{B4789483-7FF2-4DCD-93E5-BA4C9B1BA3CC}.Release|Any CPU.Build.0 = Release|Any CPU
	EndGlobalSection
	GlobalSection(SolutionProperties) = preSolution
		HideSolutionNode = FALSE
	EndGlobalSection
	GlobalSection(ExtensibilityGlobals) = postSolution
		SolutionGuid = {66D6FC80-6457-48EE-980D-59C5F5240F19}
	EndGlobalSection
EndGlobal
